
Microsoft Visual Studio Solution File, Format Version 12.00
# Visual Studio Version 17
VisualStudioVersion = 17.0.31903.59
MinimumVisualStudioVersion = 10.0.40219.1
Project("{FAE04EC0-301F-11D3-BF4B-00C04F79EFBC}") = "Reflection.NBR", "Reflection.NBR\Reflection.NBR.csproj", "{83993BFC-014E-400B-B851-FC7713D8E1E5}"
EndProject
Project("{FAE04EC0-301F-11D3-BF4B-00C04F79EFBC}") = "Reflection.Presentaion", "Reflection.Presentaion\Reflection.Presentaion.csproj", "{2F5922E2-3390-4390-BE0F-BD32D7D6F9D2}"
EndProject
Global
	GlobalSection(SolutionConfigurationPlatforms) = preSolution
		Debug|Any CPU = Debug|Any CPU
		Release|Any CPU = Release|Any CPU
	EndGlobalSection
	GlobalSection(SolutionProperties) = preSolution
		HideSolutionNode = FALSE
	EndGlobalSection
	GlobalSection(ProjectConfigurationPlatforms) = postSolution
		{83993BFC-014E-400B-B851-FC7713D8E1E5}.Debug|Any CPU.ActiveCfg = Debug|Any CPU
		{83993BFC-014E-400B-B851-FC7713D8E1E5}.Debug|Any CPU.Build.0 = Debug|Any CPU
		{83993BFC-014E-400B-B851-FC7713D8E1E5}.Release|Any CPU.ActiveCfg = Release|Any CPU
		{83993BFC-014E-400B-B851-FC7713D8E1E5}.Release|Any CPU.Build.0 = Release|Any CPU
		{2F5922E2-3390-4390-BE0F-BD32D7D6F9D2}.Debug|Any CPU.ActiveCfg = Debug|Any CPU
		{2F5922E2-3390-4390-BE0F-BD32D7D6F9D2}.Debug|Any CPU.Build.0 = Debug|Any CPU
		{2F5922E2-3390-4390-BE0F-BD32D7D6F9D2}.Release|Any CPU.ActiveCfg = Release|Any CPU
		{2F5922E2-3390-4390-BE0F-BD32D7D6F9D2}.Release|Any CPU.Build.0 = Release|Any CPU
	EndGlobalSection
EndGlobal
